
Microsoft Visual Studio Solution File, Format Version 12.00
# Visual Studio Version 17
VisualStudioVersion = 17.1.32421.90
MinimumVisualStudioVersion = 10.0.40219.1
Project("{9A19103F-16F7-4668-BE54-9A1E7A4F7556}") = "NguyenThanhKhoa_FullStack", "NguyenThanhKhoa_FullStack\NguyenThanhKhoa_FullStack.csproj", "{202053E3-9396-4EEA-8440-686697785922}"
EndProject
Project("{2150E333-8FDC-42A3-9474-1A3956D46DE8}") = "Solution Items", "Solution Items", "{0716C5F2-D64C-4E8F-918F-D2178A76BF92}"
	ProjectSection(SolutionItems) = preProject
		.editorconfig = .editorconfig
	EndProjectSection
EndProject
Global
	GlobalSection(SolutionConfigurationPlatforms) = preSolution
		Debug|Any CPU = Debug|Any CPU
		Release|Any CPU = Release|Any CPU
	EndGlobalSection
	GlobalSection(ProjectConfigurationPlatforms) = postSolution
		{202053E3-9396-4EEA-8440-686697785922}.Debug|Any CPU.ActiveCfg = Debug|Any CPU
		{202053E3-9396-4EEA-8440-686697785922}.Debug|Any CPU.Build.0 = Debug|Any CPU
		{202053E3-9396-4EEA-8440-686697785922}.Release|Any CPU.ActiveCfg = Release|Any CPU
		{202053E3-9396-4EEA-8440-686697785922}.Release|Any CPU.Build.0 = Release|Any CPU
	EndGlobalSection
	GlobalSection(SolutionProperties) = preSolution
		HideSolutionNode = FALSE
	EndGlobalSection
	GlobalSection(ExtensibilityGlobals) = postSolution
		SolutionGuid = {35E558D3-3BC8-44EC-BD4D-8C0EF170F843}
	EndGlobalSection
EndGlobal
